// !$*UTF8*$!
{
	archiveVersion = 1;
	classes = {
	};
	objectVersion = 77;
	objects = {

/* Begin PBXBuildFile section */
		129F528E5AD7CB842AF7DB39 /* Pods_AirbnbCloneTests.framework in Frameworks */ = {isa = PBXBuildFile; fileRef = 7A85BD618F08E934089B2DA5 /* Pods_AirbnbCloneTests.framework */; };
		6EF85CB38B5B2C0C556D9975 /* Pods_AirbnbClone_AirbnbCloneUITests.framework in Frameworks */ = {isa = PBXBuildFile; fileRef = 5374581E137D374F410F205E /* Pods_AirbnbClone_AirbnbCloneUITests.framework */; };
		D00DBBD22D38E0D600357168 /* FloatingPanel in Frameworks */ = {isa = PBXBuildFile; productRef = D00DBBD12D38E0D600357168 /* FloatingPanel */; };
		E556AD1E2AA4986438485EC3 /* Pods_AirbnbClone.framework in Frameworks */ = {isa = PBXBuildFile; fileRef = 1E06278B4203BB890E8A0EAF /* Pods_AirbnbClone.framework */; };
/* End PBXBuildFile section */

/* Begin PBXContainerItemProxy section */
		D03A19EE2D2CEB3100E1468E /* PBXContainerItemProxy */ = {
			isa = PBXContainerItemProxy;
			containerPortal = D03A19CC2D2CEB2F00E1468E /* Project object */;
			proxyType = 1;
			remoteGlobalIDString = D03A19D32D2CEB2F00E1468E;
			remoteInfo = AirbnbClone;
		};
		D03A19F82D2CEB3100E1468E /* PBXContainerItemProxy */ = {
			isa = PBXContainerItemProxy;
			containerPortal = D03A19CC2D2CEB2F00E1468E /* Project object */;
			proxyType = 1;
			remoteGlobalIDString = D03A19D32D2CEB2F00E1468E;
			remoteInfo = AirbnbClone;
		};
/* End PBXContainerItemProxy section */

/* Begin PBXFileReference section */
		1E06278B4203BB890E8A0EAF /* Pods_AirbnbClone.framework */ = {isa = PBXFileReference; explicitFileType = wrapper.framework; includeInIndex = 0; path = Pods_AirbnbClone.framework; sourceTree = BUILT_PRODUCTS_DIR; };
		25008D64D8A1E099892A2008 /* Pods-AirbnbClone-AirbnbCloneUITests.release.xcconfig */ = {isa = PBXFileReference; includeInIndex = 1; lastKnownFileType = text.xcconfig; name = "Pods-AirbnbClone-AirbnbCloneUITests.release.xcconfig"; path = "Target Support Files/Pods-AirbnbClone-AirbnbCloneUITests/Pods-AirbnbClone-AirbnbCloneUITests.release.xcconfig"; sourceTree = "<group>"; };
		421AD63A07B67E676F7C31C9 /* Pods-AirbnbCloneTests.release.xcconfig */ = {isa = PBXFileReference; includeInIndex = 1; lastKnownFileType = text.xcconfig; name = "Pods-AirbnbCloneTests.release.xcconfig"; path = "Target Support Files/Pods-AirbnbCloneTests/Pods-AirbnbCloneTests.release.xcconfig"; sourceTree = "<group>"; };
		5374581E137D374F410F205E /* Pods_AirbnbClone_AirbnbCloneUITests.framework */ = {isa = PBXFileReference; explicitFileType = wrapper.framework; includeInIndex = 0; path = Pods_AirbnbClone_AirbnbCloneUITests.framework; sourceTree = BUILT_PRODUCTS_DIR; };
		5F51AC5C544519A48600493B /* Pods-AirbnbClone.release.xcconfig */ = {isa = PBXFileReference; includeInIndex = 1; lastKnownFileType = text.xcconfig; name = "Pods-AirbnbClone.release.xcconfig"; path = "Target Support Files/Pods-AirbnbClone/Pods-AirbnbClone.release.xcconfig"; sourceTree = "<group>"; };
		7A85BD618F08E934089B2DA5 /* Pods_AirbnbCloneTests.framework */ = {isa = PBXFileReference; explicitFileType = wrapper.framework; includeInIndex = 0; path = Pods_AirbnbCloneTests.framework; sourceTree = BUILT_PRODUCTS_DIR; };
		A6A9ECFF8157ED85BC183E99 /* Pods-AirbnbClone-AirbnbCloneUITests.debug.xcconfig */ = {isa = PBXFileReference; includeInIndex = 1; lastKnownFileType = text.xcconfig; name = "Pods-AirbnbClone-AirbnbCloneUITests.debug.xcconfig"; path = "Target Support Files/Pods-AirbnbClone-AirbnbCloneUITests/Pods-AirbnbClone-AirbnbCloneUITests.debug.xcconfig"; sourceTree = "<group>"; };
		A9E2D6FEFB56550AC51CB74A /* Pods-AirbnbCloneTests.debug.xcconfig */ = {isa = PBXFileReference; includeInIndex = 1; lastKnownFileType = text.xcconfig; name = "Pods-AirbnbCloneTests.debug.xcconfig"; path = "Target Support Files/Pods-AirbnbCloneTests/Pods-AirbnbCloneTests.debug.xcconfig"; sourceTree = "<group>"; };
		D03A19D42D2CEB2F00E1468E /* AirbnbClone.app */ = {isa = PBXFileReference; explicitFileType = wrapper.application; includeInIndex = 0; path = AirbnbClone.app; sourceTree = BUILT_PRODUCTS_DIR; };
		D03A19ED2D2CEB3100E1468E /* AirbnbCloneTests.xctest */ = {isa = PBXFileReference; explicitFileType = wrapper.cfbundle; includeInIndex = 0; path = AirbnbCloneTests.xctest; sourceTree = BUILT_PRODUCTS_DIR; };
		D03A19F72D2CEB3100E1468E /* AirbnbCloneUITests.xctest */ = {isa = PBXFileReference; explicitFileType = wrapper.cfbundle; includeInIndex = 0; path = AirbnbCloneUITests.xctest; sourceTree = BUILT_PRODUCTS_DIR; };
		F93EFBC074B14DAB3C627676 /* Pods-AirbnbClone.debug.xcconfig */ = {isa = PBXFileReference; includeInIndex = 1; lastKnownFileType = text.xcconfig; name = "Pods-AirbnbClone.debug.xcconfig"; path = "Target Support Files/Pods-AirbnbClone/Pods-AirbnbClone.debug.xcconfig"; sourceTree = "<group>"; };
/* End PBXFileReference section */

/* Begin PBXFileSystemSynchronizedBuildFileExceptionSet section */
		D03A19FF2D2CEB3100E1468E /* Exceptions for "AirbnbClone" folder in "AirbnbClone" target */ = {
			isa = PBXFileSystemSynchronizedBuildFileExceptionSet;
			membershipExceptions = (
				Info.plist,
			);
			target = D03A19D32D2CEB2F00E1468E /* AirbnbClone */;
		};
/* End PBXFileSystemSynchronizedBuildFileExceptionSet section */

/* Begin PBXFileSystemSynchronizedRootGroup section */
		D03A19D62D2CEB2F00E1468E /* AirbnbClone */ = {
			isa = PBXFileSystemSynchronizedRootGroup;
			exceptions = (
				D03A19FF2D2CEB3100E1468E /* Exceptions for "AirbnbClone" folder in "AirbnbClone" target */,
			);
			path = AirbnbClone;
			sourceTree = "<group>";
		};
		D03A19F02D2CEB3100E1468E /* AirbnbCloneTests */ = {
			isa = PBXFileSystemSynchronizedRootGroup;
			path = AirbnbCloneTests;
			sourceTree = "<group>";
		};
		D03A19FA2D2CEB3100E1468E /* AirbnbCloneUITests */ = {
			isa = PBXFileSystemSynchronizedRootGroup;
			path = AirbnbCloneUITests;
			sourceTree = "<group>";
		};
/* End PBXFileSystemSynchronizedRootGroup section */

/* Begin PBXFrameworksBuildPhase section */
		D03A19D12D2CEB2F00E1468E /* Frameworks */ = {
			isa = PBXFrameworksBuildPhase;
			buildActionMask = 2147483647;
			files = (
				E556AD1E2AA4986438485EC3 /* Pods_AirbnbClone.framework in Frameworks */,
				D00DBBD22D38E0D600357168 /* FloatingPanel in Frameworks */,
			);
			runOnlyForDeploymentPostprocessing = 0;
		};
		D03A19EA2D2CEB3100E1468E /* Frameworks */ = {
			isa = PBXFrameworksBuildPhase;
			buildActionMask = 2147483647;
			files = (
				129F528E5AD7CB842AF7DB39 /* Pods_AirbnbCloneTests.framework in Frameworks */,
			);
			runOnlyForDeploymentPostprocessing = 0;
		};
		D03A19F42D2CEB3100E1468E /* Frameworks */ = {
			isa = PBXFrameworksBuildPhase;
			buildActionMask = 2147483647;
			files = (
				6EF85CB38B5B2C0C556D9975 /* Pods_AirbnbClone_AirbnbCloneUITests.framework in Frameworks */,
			);
			runOnlyForDeploymentPostprocessing = 0;
		};
/* End PBXFrameworksBuildPhase section */

/* Begin PBXGroup section */
		3708C285EB5C353C1A4F4FF0 /* Pods */ = {
			isa = PBXGroup;
			children = (
				F93EFBC074B14DAB3C627676 /* Pods-AirbnbClone.debug.xcconfig */,
				5F51AC5C544519A48600493B /* Pods-AirbnbClone.release.xcconfig */,
				A6A9ECFF8157ED85BC183E99 /* Pods-AirbnbClone-AirbnbCloneUITests.debug.xcconfig */,
				25008D64D8A1E099892A2008 /* Pods-AirbnbClone-AirbnbCloneUITests.release.xcconfig */,
				A9E2D6FEFB56550AC51CB74A /* Pods-AirbnbCloneTests.debug.xcconfig */,
				421AD63A07B67E676F7C31C9 /* Pods-AirbnbCloneTests.release.xcconfig */,
			);
			path = Pods;
			sourceTree = "<group>";
		};
		4A4558E8C3446DF754315861 /* Frameworks */ = {
			isa = PBXGroup;
			children = (
				1E06278B4203BB890E8A0EAF /* Pods_AirbnbClone.framework */,
				5374581E137D374F410F205E /* Pods_AirbnbClone_AirbnbCloneUITests.framework */,
				7A85BD618F08E934089B2DA5 /* Pods_AirbnbCloneTests.framework */,
			);
			name = Frameworks;
			sourceTree = "<group>";
		};
		D03A19CB2D2CEB2F00E1468E = {
			isa = PBXGroup;
			children = (
				D03A19D62D2CEB2F00E1468E /* AirbnbClone */,
				D03A19F02D2CEB3100E1468E /* AirbnbCloneTests */,
				D03A19FA2D2CEB3100E1468E /* AirbnbCloneUITests */,
				D03A19D52D2CEB2F00E1468E /* Products */,
				3708C285EB5C353C1A4F4FF0 /* Pods */,
				4A4558E8C3446DF754315861 /* Frameworks */,
			);
			sourceTree = "<group>";
		};
		D03A19D52D2CEB2F00E1468E /* Products */ = {
			isa = PBXGroup;
			children = (
				D03A19D42D2CEB2F00E1468E /* AirbnbClone.app */,
				D03A19ED2D2CEB3100E1468E /* AirbnbCloneTests.xctest */,
				D03A19F72D2CEB3100E1468E /* AirbnbCloneUITests.xctest */,
			);
			name = Products;
			sourceTree = "<group>";
		};
/* End PBXGroup section */

/* Begin PBXNativeTarget section */
		D03A19D32D2CEB2F00E1468E /* AirbnbClone */ = {
			isa = PBXNativeTarget;
			buildConfigurationList = D03A1A002D2CEB3100E1468E /* Build configuration list for PBXNativeTarget "AirbnbClone" */;
			buildPhases = (
				CFE9A1BB3A0326F331163B22 /* [CP] Check Pods Manifest.lock */,
				D03A19D02D2CEB2F00E1468E /* Sources */,
				D03A19D12D2CEB2F00E1468E /* Frameworks */,
				D03A19D22D2CEB2F00E1468E /* Resources */,
			);
			buildRules = (
			);
			dependencies = (
			);
			fileSystemSynchronizedGroups = (
				D03A19D62D2CEB2F00E1468E /* AirbnbClone */,
			);
			name = AirbnbClone;
			productName = AirbnbClone;
			productReference = D03A19D42D2CEB2F00E1468E /* AirbnbClone.app */;
			productType = "com.apple.product-type.application";
		};
		D03A19EC2D2CEB3100E1468E /* AirbnbCloneTests */ = {
			isa = PBXNativeTarget;
			buildConfigurationList = D03A1A052D2CEB3100E1468E /* Build configuration list for PBXNativeTarget "AirbnbCloneTests" */;
			buildPhases = (
				4C927FB67A3EDD16DD56D1A8 /* [CP] Check Pods Manifest.lock */,
				D03A19E92D2CEB3100E1468E /* Sources */,
				D03A19EA2D2CEB3100E1468E /* Frameworks */,
				D03A19EB2D2CEB3100E1468E /* Resources */,
			);
			buildRules = (
			);
			dependencies = (
				D03A19EF2D2CEB3100E1468E /* PBXTargetDependency */,
			);
			fileSystemSynchronizedGroups = (
				D03A19F02D2CEB3100E1468E /* AirbnbCloneTests */,
			);
			name = AirbnbCloneTests;
			productName = AirbnbCloneTests;
			productReference = D03A19ED2D2CEB3100E1468E /* AirbnbCloneTests.xctest */;
			productType = "com.apple.product-type.bundle.unit-test";
		};
		D03A19F62D2CEB3100E1468E /* AirbnbCloneUITests */ = {
			isa = PBXNativeTarget;
			buildConfigurationList = D03A1A082D2CEB3100E1468E /* Build configuration list for PBXNativeTarget "AirbnbCloneUITests" */;
			buildPhases = (
				BC45782ABA3AD4F73FCA077E /* [CP] Check Pods Manifest.lock */,
				D03A19F32D2CEB3100E1468E /* Sources */,
				D03A19F42D2CEB3100E1468E /* Frameworks */,
				D03A19F52D2CEB3100E1468E /* Resources */,
			);
			buildRules = (
			);
			dependencies = (
				D03A19F92D2CEB3100E1468E /* PBXTargetDependency */,
			);
			fileSystemSynchronizedGroups = (
				D03A19FA2D2CEB3100E1468E /* AirbnbCloneUITests */,
			);
			name = AirbnbCloneUITests;
			productName = AirbnbCloneUITests;
			productReference = D03A19F72D2CEB3100E1468E /* AirbnbCloneUITests.xctest */;
			productType = "com.apple.product-type.bundle.ui-testing";
		};
/* End PBXNativeTarget section */

/* Begin PBXProject section */
		D03A19CC2D2CEB2F00E1468E /* Project object */ = {
			isa = PBXProject;
			attributes = {
				BuildIndependentTargetsInParallel = 1;
				LastSwiftUpdateCheck = 1620;
				LastUpgradeCheck = 1620;
				TargetAttributes = {
					D03A19D32D2CEB2F00E1468E = {
						CreatedOnToolsVersion = 16.2;
					};
					D03A19EC2D2CEB3100E1468E = {
						CreatedOnToolsVersion = 16.2;
						TestTargetID = D03A19D32D2CEB2F00E1468E;
					};
					D03A19F62D2CEB3100E1468E = {
						CreatedOnToolsVersion = 16.2;
						TestTargetID = D03A19D32D2CEB2F00E1468E;
					};
				};
			};
			buildConfigurationList = D03A19CF2D2CEB2F00E1468E /* Build configuration list for PBXProject "AirbnbClone" */;
			developmentRegion = en;
			hasScannedForEncodings = 0;
			knownRegions = (
				en,
				Base,
			);
			mainGroup = D03A19CB2D2CEB2F00E1468E;
			minimizedProjectReferenceProxies = 1;
			packageReferences = (
				D00DBBD02D38E0D600357168 /* XCRemoteSwiftPackageReference "FloatingPanel" */,
			);
			preferredProjectObjectVersion = 77;
			productRefGroup = D03A19D52D2CEB2F00E1468E /* Products */;
			projectDirPath = "";
			projectRoot = "";
			targets = (
				D03A19D32D2CEB2F00E1468E /* AirbnbClone */,
				D03A19EC2D2CEB3100E1468E /* AirbnbCloneTests */,
				D03A19F62D2CEB3100E1468E /* AirbnbCloneUITests */,
			);
		};
/* End PBXProject section */

/* Begin PBXResourcesBuildPhase section */
		D03A19D22D2CEB2F00E1468E /* Resources */ = {
			isa = PBXResourcesBuildPhase;
			buildActionMask = 2147483647;
			files = (
			);
			runOnlyForDeploymentPostprocessing = 0;
		};
		D03A19EB2D2CEB3100E1468E /* Resources */ = {
			isa = PBXResourcesBuildPhase;
			buildActionMask = 2147483647;
			files = (
			);
			runOnlyForDeploymentPostprocessing = 0;
		};
		D03A19F52D2CEB3100E1468E /* Resources */ = {
			isa = PBXResourcesBuildPhase;
			buildActionMask = 2147483647;
			files = (
			);
			runOnlyForDeploymentPostprocessing = 0;
		};
/* End PBXResourcesBuildPhase section */

/* Begin PBXShellScriptBuildPhase section */
		4C927FB67A3EDD16DD56D1A8 /* [CP] Check Pods Manifest.lock */ = {
			isa = PBXShellScriptBuildPhase;
			buildActionMask = 2147483647;
			files = (
			);
			inputFileListPaths = (
			);
			inputPaths = (
				"${PODS_PODFILE_DIR_PATH}/Podfile.lock",
				"${PODS_ROOT}/Manifest.lock",
			);
			name = "[CP] Check Pods Manifest.lock";
			outputFileListPaths = (
			);
			outputPaths = (
				"$(DERIVED_FILE_DIR)/Pods-AirbnbCloneTests-checkManifestLockResult.txt",
			);
			runOnlyForDeploymentPostprocessing = 0;
			shellPath = /bin/sh;
			shellScript = "diff \"${PODS_PODFILE_DIR_PATH}/Podfile.lock\" \"${PODS_ROOT}/Manifest.lock\" > /dev/null\nif [ $? != 0 ] ; then\n    # print error to STDERR\n    echo \"error: The sandbox is not in sync with the Podfile.lock. Run 'pod install' or update your CocoaPods installation.\" >&2\n    exit 1\nfi\n# This output is used by Xcode 'outputs' to avoid re-running this script phase.\necho \"SUCCESS\" > \"${SCRIPT_OUTPUT_FILE_0}\"\n";
			showEnvVarsInLog = 0;
		};
		BC45782ABA3AD4F73FCA077E /* [CP] Check Pods Manifest.lock */ = {
			isa = PBXShellScriptBuildPhase;
			buildActionMask = 2147483647;
			files = (
			);
			inputFileListPaths = (
			);
			inputPaths = (
				"${PODS_PODFILE_DIR_PATH}/Podfile.lock",
				"${PODS_ROOT}/Manifest.lock",
			);
			name = "[CP] Check Pods Manifest.lock";
			outputFileListPaths = (
			);
			outputPaths = (
				"$(DERIVED_FILE_DIR)/Pods-AirbnbClone-AirbnbCloneUITests-checkManifestLockResult.txt",
			);
			runOnlyForDeploymentPostprocessing = 0;
			shellPath = /bin/sh;
			shellScript = "diff \"${PODS_PODFILE_DIR_PATH}/Podfile.lock\" \"${PODS_ROOT}/Manifest.lock\" > /dev/null\nif [ $? != 0 ] ; then\n    # print error to STDERR\n    echo \"error: The sandbox is not in sync with the Podfile.lock. Run 'pod install' or update your CocoaPods installation.\" >&2\n    exit 1\nfi\n# This output is used by Xcode 'outputs' to avoid re-running this script phase.\necho \"SUCCESS\" > \"${SCRIPT_OUTPUT_FILE_0}\"\n";
			showEnvVarsInLog = 0;
		};
		CFE9A1BB3A0326F331163B22 /* [CP] Check Pods Manifest.lock */ = {
			isa = PBXShellScriptBuildPhase;
			buildActionMask = 2147483647;
			files = (
			);
			inputFileListPaths = (
			);
			inputPaths = (
				"${PODS_PODFILE_DIR_PATH}/Podfile.lock",
				"${PODS_ROOT}/Manifest.lock",
			);
			name = "[CP] Check Pods Manifest.lock";
			outputFileListPaths = (
			);
			outputPaths = (
				"$(DERIVED_FILE_DIR)/Pods-AirbnbClone-checkManifestLockResult.txt",
			);
			runOnlyForDeploymentPostprocessing = 0;
			shellPath = /bin/sh;
			shellScript = "diff \"${PODS_PODFILE_DIR_PATH}/Podfile.lock\" \"${PODS_ROOT}/Manifest.lock\" > /dev/null\nif [ $? != 0 ] ; then\n    # print error to STDERR\n    echo \"error: The sandbox is not in sync with the Podfile.lock. Run 'pod install' or update your CocoaPods installation.\" >&2\n    exit 1\nfi\n# This output is used by Xcode 'outputs' to avoid re-running this script phase.\necho \"SUCCESS\" > \"${SCRIPT_OUTPUT_FILE_0}\"\n";
			showEnvVarsInLog = 0;
		};
/* End PBXShellScriptBuildPhase section */

/* Begin PBXSourcesBuildPhase section */
		D03A19D02D2CEB2F00E1468E /* Sources */ = {
			isa = PBXSourcesBuildPhase;
			buildActionMask = 2147483647;
			files = (
			);
			runOnlyForDeploymentPostprocessing = 0;
		};
		D03A19E92D2CEB3100E1468E /* Sources */ = {
			isa = PBXSourcesBuildPhase;
			buildActionMask = 2147483647;
			files = (
			);
			runOnlyForDeploymentPostprocessing = 0;
		};
		D03A19F32D2CEB3100E1468E /* Sources */ = {
			isa = PBXSourcesBuildPhase;
			buildActionMask = 2147483647;
			files = (
			);
			runOnlyForDeploymentPostprocessing = 0;
		};
/* End PBXSourcesBuildPhase section */

/* Begin PBXTargetDependency section */
		D03A19EF2D2CEB3100E1468E /* PBXTargetDependency */ = {
			isa = PBXTargetDependency;
			target = D03A19D32D2CEB2F00E1468E /* AirbnbClone */;
			targetProxy = D03A19EE2D2CEB3100E1468E /* PBXContainerItemProxy */;
		};
		D03A19F92D2CEB3100E1468E /* PBXTargetDependency */ = {
			isa = PBXTargetDependency;
			target = D03A19D32D2CEB2F00E1468E /* AirbnbClone */;
			targetProxy = D03A19F82D2CEB3100E1468E /* PBXContainerItemProxy */;
		};
/* End PBXTargetDependency section */

/* Begin XCBuildConfiguration section */
		D03A1A012D2CEB3100E1468E /* Debug */ = {
			isa = XCBuildConfiguration;
			baseConfigurationReference = F93EFBC074B14DAB3C627676 /* Pods-AirbnbClone.debug.xcconfig */;
			buildSettings = {
				ASSETCATALOG_COMPILER_APPICON_NAME = AppIcon;
				ASSETCATALOG_COMPILER_GLOBAL_ACCENT_COLOR_NAME = AccentColor;
				CODE_SIGN_STYLE = Automatic;
				CURRENT_PROJECT_VERSION = 1;
				GENERATE_INFOPLIST_FILE = YES;
				INFOPLIST_FILE = AirbnbClone/Info.plist;
				INFOPLIST_KEY_UIApplicationSupportsIndirectInputEvents = YES;
				INFOPLIST_KEY_UILaunchStoryboardName = LaunchScreen;
				INFOPLIST_KEY_UIMainStoryboardFile = Main;
				INFOPLIST_KEY_UISupportedInterfaceOrientations_iPad = "UIInterfaceOrientationPortrait UIInterfaceOrientationPortraitUpsideDown UIInterfaceOrientationLandscapeLeft UIInterfaceOrientationLandscapeRight";
				INFOPLIST_KEY_UISupportedInterfaceOrientations_iPhone = "UIInterfaceOrientationPortrait UIInterfaceOrientationLandscapeLeft UIInterfaceOrientationLandscapeRight";
				LD_RUNPATH_SEARCH_PATHS = (
					"$(inherited)",
					"@executable_path/Frameworks",
				);
				MARKETING_VERSION = 1.0;
				PRODUCT_BUNDLE_IDENTIFIER = com.elexoft.AirbnbClone;
				PRODUCT_NAME = "$(TARGET_NAME)";
				SWIFT_EMIT_LOC_STRINGS = YES;
				SWIFT_VERSION = 5.0;
				TARGETED_DEVICE_FAMILY = "1,2";
			};
			name = Debug;
		};
		D03A1A022D2CEB3100E1468E /* Release */ = {
			isa = XCBuildConfiguration;
			baseConfigurationReference = 5F51AC5C544519A48600493B /* Pods-AirbnbClone.release.xcconfig */;
			buildSettings = {
				ASSETCATALOG_COMPILER_APPICON_NAME = AppIcon;
				ASSETCATALOG_COMPILER_GLOBAL_ACCENT_COLOR_NAME = AccentColor;
				CODE_SIGN_STYLE = Automatic;
				CURRENT_PROJECT_VERSION = 1;
				GENERATE_INFOPLIST_FILE = YES;
				INFOPLIST_FILE = AirbnbClone/Info.plist;
				INFOPLIST_KEY_UIApplicationSupportsIndirectInputEvents = YES;
				INFOPLIST_KEY_UILaunchStoryboardName = LaunchScreen;
				INFOPLIST_KEY_UIMainStoryboardFile = Main;
				INFOPLIST_KEY_UISupportedInterfaceOrientations_iPad = "UIInterfaceOrientationPortrait UIInterfaceOrientationPortraitUpsideDown UIInterfaceOrientationLandscapeLeft UIInterfaceOrientationLandscapeRight";
				INFOPLIST_KEY_UISupportedInterfaceOrientations_iPhone = "UIInterfaceOrientationPortrait UIInterfaceOrientationLandscapeLeft UIInterfaceOrientationLandscapeRight";
				LD_RUNPATH_SEARCH_PATHS = (
					"$(inherited)",
					"@executable_path/Frameworks",
				);
				MARKETING_VERSION = 1.0;
				PRODUCT_BUNDLE_IDENTIFIER = com.elexoft.AirbnbClone;
				PRODUCT_NAME = "$(TARGET_NAME)";
				SWIFT_EMIT_LOC_STRINGS = YES;
				SWIFT_VERSION = 5.0;
				TARGETED_DEVICE_FAMILY = "1,2";
			};
			name = Release;
		};
		D03A1A032D2CEB3100E1468E /* Debug */ = {
			isa = XCBuildConfiguration;
			buildSettings = {
				ALWAYS_SEARCH_USER_PATHS = NO;
				ASSETCATALOG_COMPILER_GENERATE_SWIFT_ASSET_SYMBOL_EXTENSIONS = YES;
				CLANG_ANALYZER_NONNULL = YES;
				CLANG_ANALYZER_NUMBER_OBJECT_CONVERSION = YES_AGGRESSIVE;
				CLANG_CXX_LANGUAGE_STANDARD = "gnu++20";
				CLANG_ENABLE_MODULES = YES;
				CLANG_ENABLE_OBJC_ARC = YES;
				CLANG_ENABLE_OBJC_WEAK = YES;
				CLANG_WARN_BLOCK_CAPTURE_AUTORELEASING = YES;
				CLANG_WARN_BOOL_CONVERSION = YES;
				CLANG_WARN_COMMA = YES;
				CLANG_WARN_CONSTANT_CONVERSION = YES;
				CLANG_WARN_DEPRECATED_OBJC_IMPLEMENTATIONS = YES;
				CLANG_WARN_DIRECT_OBJC_ISA_USAGE = YES_ERROR;
				CLANG_WARN_DOCUMENTATION_COMMENTS = YES;
				CLANG_WARN_EMPTY_BODY = YES;
				CLANG_WARN_ENUM_CONVERSION = YES;
				CLANG_WARN_INFINITE_RECURSION = YES;
				CLANG_WARN_INT_CONVERSION = YES;
				CLANG_WARN_NON_LITERAL_NULL_CONVERSION = YES;
				CLANG_WARN_OBJC_IMPLICIT_RETAIN_SELF = YES;
				CLANG_WARN_OBJC_LITERAL_CONVERSION = YES;
				CLANG_WARN_OBJC_ROOT_CLASS = YES_ERROR;
				CLANG_WARN_QUOTED_INCLUDE_IN_FRAMEWORK_HEADER = YES;
				CLANG_WARN_RANGE_LOOP_ANALYSIS = YES;
				CLANG_WARN_STRICT_PROTOTYPES = YES;
				CLANG_WARN_SUSPICIOUS_MOVE = YES;
				CLANG_WARN_UNGUARDED_AVAILABILITY = YES_AGGRESSIVE;
				CLANG_WARN_UNREACHABLE_CODE = YES;
				CLANG_WARN__DUPLICATE_METHOD_MATCH = YES;
				COPY_PHASE_STRIP = NO;
				DEBUG_INFORMATION_FORMAT = dwarf;
				ENABLE_STRICT_OBJC_MSGSEND = YES;
				ENABLE_TESTABILITY = YES;
				ENABLE_USER_SCRIPT_SANDBOXING = YES;
				GCC_C_LANGUAGE_STANDARD = gnu17;
				GCC_DYNAMIC_NO_PIC = NO;
				GCC_NO_COMMON_BLOCKS = YES;
				GCC_OPTIMIZATION_LEVEL = 0;
				GCC_PREPROCESSOR_DEFINITIONS = (
					"DEBUG=1",
					"$(inherited)",
				);
				GCC_WARN_64_TO_32_BIT_CONVERSION = YES;
				GCC_WARN_ABOUT_RETURN_TYPE = YES_ERROR;
				GCC_WARN_UNDECLARED_SELECTOR = YES;
				GCC_WARN_UNINITIALIZED_AUTOS = YES_AGGRESSIVE;
				GCC_WARN_UNUSED_FUNCTION = YES;
				GCC_WARN_UNUSED_VARIABLE = YES;
				IPHONEOS_DEPLOYMENT_TARGET = 18.2;
				LOCALIZATION_PREFERS_STRING_CATALOGS = YES;
				MTL_ENABLE_DEBUG_INFO = INCLUDE_SOURCE;
				MTL_FAST_MATH = YES;
				ONLY_ACTIVE_ARCH = YES;
				SDKROOT = iphoneos;
				SWIFT_ACTIVE_COMPILATION_CONDITIONS = "DEBUG $(inherited)";
				SWIFT_OPTIMIZATION_LEVEL = "-Onone";
			};
			name = Debug;
		};
		D03A1A042D2CEB3100E1468E /* Release */ = {
			isa = XCBuildConfiguration;
			buildSettings = {
				ALWAYS_SEARCH_USER_PATHS = NO;
				ASSETCATALOG_COMPILER_GENERATE_SWIFT_ASSET_SYMBOL_EXTENSIONS = YES;
				CLANG_ANALYZER_NONNULL = YES;
				CLANG_ANALYZER_NUMBER_OBJECT_CONVERSION = YES_AGGRESSIVE;
				CLANG_CXX_LANGUAGE_STANDARD = "gnu++20";
				CLANG_ENABLE_MODULES = YES;
				CLANG_ENABLE_OBJC_ARC = YES;
				CLANG_ENABLE_OBJC_WEAK = YES;
				CLANG_WARN_BLOCK_CAPTURE_AUTORELEASING = YES;
				CLANG_WARN_BOOL_CONVERSION = YES;
				CLANG_WARN_COMMA = YES;
				CLANG_WARN_CONSTANT_CONVERSION = YES;
				CLANG_WARN_DEPRECATED_OBJC_IMPLEMENTATIONS = YES;
				CLANG_WARN_DIRECT_OBJC_ISA_USAGE = YES_ERROR;
				CLANG_WARN_DOCUMENTATION_COMMENTS = YES;
				CLANG_WARN_EMPTY_BODY = YES;
				CLANG_WARN_ENUM_CONVERSION = YES;
				CLANG_WARN_INFINITE_RECURSION = YES;
				CLANG_WARN_INT_CONVERSION = YES;
				CLANG_WARN_NON_LITERAL_NULL_CONVERSION = YES;
				CLANG_WARN_OBJC_IMPLICIT_RETAIN_SELF = YES;
				CLANG_WARN_OBJC_LITERAL_CONVERSION = YES;
				CLANG_WARN_OBJC_ROOT_CLASS = YES_ERROR;
				CLANG_WARN_QUOTED_INCLUDE_IN_FRAMEWORK_HEADER = YES;
				CLANG_WARN_RANGE_LOOP_ANALYSIS = YES;
				CLANG_WARN_STRICT_PROTOTYPES = YES;
				CLANG_WARN_SUSPICIOUS_MOVE = YES;
				CLANG_WARN_UNGUARDED_AVAILABILITY = YES_AGGRESSIVE;
				CLANG_WARN_UNREACHABLE_CODE = YES;
				CLANG_WARN__DUPLICATE_METHOD_MATCH = YES;
				COPY_PHASE_STRIP = NO;
				DEBUG_INFORMATION_FORMAT = "dwarf-with-dsym";
				ENABLE_NS_ASSERTIONS = NO;
				ENABLE_STRICT_OBJC_MSGSEND = YES;
				ENABLE_USER_SCRIPT_SANDBOXING = YES;
				GCC_C_LANGUAGE_STANDARD = gnu17;
				GCC_NO_COMMON_BLOCKS = YES;
				GCC_WARN_64_TO_32_BIT_CONVERSION = YES;
				GCC_WARN_ABOUT_RETURN_TYPE = YES_ERROR;
				GCC_WARN_UNDECLARED_SELECTOR = YES;
				GCC_WARN_UNINITIALIZED_AUTOS = YES_AGGRESSIVE;
				GCC_WARN_UNUSED_FUNCTION = YES;
				GCC_WARN_UNUSED_VARIABLE = YES;
				IPHONEOS_DEPLOYMENT_TARGET = 18.2;
				LOCALIZATION_PREFERS_STRING_CATALOGS = YES;
				MTL_ENABLE_DEBUG_INFO = NO;
				MTL_FAST_MATH = YES;
				SDKROOT = iphoneos;
				SWIFT_COMPILATION_MODE = wholemodule;
				VALIDATE_PRODUCT = YES;
			};
			name = Release;
		};
		D03A1A062D2CEB3100E1468E /* Debug */ = {
			isa = XCBuildConfiguration;
			baseConfigurationReference = A9E2D6FEFB56550AC51CB74A /* Pods-AirbnbCloneTests.debug.xcconfig */;
			buildSettings = {
				BUNDLE_LOADER = "$(TEST_HOST)";
				CODE_SIGN_STYLE = Automatic;
				CURRENT_PROJECT_VERSION = 1;
				GENERATE_INFOPLIST_FILE = YES;
				IPHONEOS_DEPLOYMENT_TARGET = 18.2;
				MARKETING_VERSION = 1.0;
				PRODUCT_BUNDLE_IDENTIFIER = com.elexoft.AirbnbCloneTests;
				PRODUCT_NAME = "$(TARGET_NAME)";
				SWIFT_EMIT_LOC_STRINGS = NO;
				SWIFT_VERSION = 5.0;
				TARGETED_DEVICE_FAMILY = "1,2";
				TEST_HOST = "$(BUILT_PRODUCTS_DIR)/AirbnbClone.app/$(BUNDLE_EXECUTABLE_FOLDER_PATH)/AirbnbClone";
			};
			name = Debug;
		};
		D03A1A072D2CEB3100E1468E /* Release */ = {
			isa = XCBuildConfiguration;
			baseConfigurationReference = 421AD63A07B67E676F7C31C9 /* Pods-AirbnbCloneTests.release.xcconfig */;
			buildSettings = {
				BUNDLE_LOADER = "$(TEST_HOST)";
				CODE_SIGN_STYLE = Automatic;
				CURRENT_PROJECT_VERSION = 1;
				GENERATE_INFOPLIST_FILE = YES;
				IPHONEOS_DEPLOYMENT_TARGET = 18.2;
				MARKETING_VERSION = 1.0;
				PRODUCT_BUNDLE_IDENTIFIER = com.elexoft.AirbnbCloneTests;
				PRODUCT_NAME = "$(TARGET_NAME)";
				SWIFT_EMIT_LOC_STRINGS = NO;
				SWIFT_VERSION = 5.0;
				TARGETED_DEVICE_FAMILY = "1,2";
				TEST_HOST = "$(BUILT_PRODUCTS_DIR)/AirbnbClone.app/$(BUNDLE_EXECUTABLE_FOLDER_PATH)/AirbnbClone";
			};
			name = Release;
		};
		D03A1A092D2CEB3100E1468E /* Debug */ = {
			isa = XCBuildConfiguration;
			baseConfigurationReference = A6A9ECFF8157ED85BC183E99 /* Pods-AirbnbClone-AirbnbCloneUITests.debug.xcconfig */;
			buildSettings = {
				CODE_SIGN_STYLE = Automatic;
				CURRENT_PROJECT_VERSION = 1;
				GENERATE_INFOPLIST_FILE = YES;
				MARKETING_VERSION = 1.0;
				PRODUCT_BUNDLE_IDENTIFIER = com.elexoft.AirbnbCloneUITests;
				PRODUCT_NAME = "$(TARGET_NAME)";
				SWIFT_EMIT_LOC_STRINGS = NO;
				SWIFT_VERSION = 5.0;
				TARGETED_DEVICE_FAMILY = "1,2";
				TEST_TARGET_NAME = AirbnbClone;
			};
			name = Debug;
		};
		D03A1A0A2D2CEB3100E1468E /* Release */ = {
			isa = XCBuildConfiguration;
			baseConfigurationReference = 25008D64D8A1E099892A2008 /* Pods-AirbnbClone-AirbnbCloneUITests.release.xcconfig */;
			buildSettings = {
				CODE_SIGN_STYLE = Automatic;
				CURRENT_PROJECT_VERSION = 1;
				GENERATE_INFOPLIST_FILE = YES;
				MARKETING_VERSION = 1.0;
				PRODUCT_BUNDLE_IDENTIFIER = com.elexoft.AirbnbCloneUITests;
				PRODUCT_NAME = "$(TARGET_NAME)";
				SWIFT_EMIT_LOC_STRINGS = NO;
				SWIFT_VERSION = 5.0;
				TARGETED_DEVICE_FAMILY = "1,2";
				TEST_TARGET_NAME = AirbnbClone;
			};
			name = Release;
		};
/* End XCBuildConfiguration section */

/* Begin XCConfigurationList section */
		D03A19CF2D2CEB2F00E1468E /* Build configuration list for PBXProject "AirbnbClone" */ = {
			isa = XCConfigurationList;
			buildConfigurations = (
				D03A1A032D2CEB3100E1468E /* Debug */,
				D03A1A042D2CEB3100E1468E /* Release */,
			);
			defaultConfigurationIsVisible = 0;
			defaultConfigurationName = Release;
		};
		D03A1A002D2CEB3100E1468E /* Build configuration list for PBXNativeTarget "AirbnbClone" */ = {
			isa = XCConfigurationList;
			buildConfigurations = (
				D03A1A012D2CEB3100E1468E /* Debug */,
				D03A1A022D2CEB3100E1468E /* Release */,
			);
			defaultConfigurationIsVisible = 0;
			defaultConfigurationName = Release;
		};
		D03A1A052D2CEB3100E1468E /* Build configuration list for PBXNativeTarget "AirbnbCloneTests" */ = {
			isa = XCConfigurationList;
			buildConfigurations = (
				D03A1A062D2CEB3100E1468E /* Debug */,
				D03A1A072D2CEB3100E1468E /* Release */,
			);
			defaultConfigurationIsVisible = 0;
			defaultConfigurationName = Release;
		};
		D03A1A082D2CEB3100E1468E /* Build configuration list for PBXNativeTarget "AirbnbCloneUITests" */ = {
			isa = XCConfigurationList;
			buildConfigurations = (
				D03A1A092D2CEB3100E1468E /* Debug */,
				D03A1A0A2D2CEB3100E1468E /* Release */,
			);
			defaultConfigurationIsVisible = 0;
			defaultConfigurationName = Release;
		};
/* End XCConfigurationList section */

/* Begin XCRemoteSwiftPackageReference section */
		D00DBBD02D38E0D600357168 /* XCRemoteSwiftPackageReference "FloatingPanel" */ = {
			isa = XCRemoteSwiftPackageReference;
			repositoryURL = "https://github.com/scenee/FloatingPanel";
			requirement = {
				kind = upToNextMajorVersion;
				minimumVersion = 2.8.6;
			};
		};
/* End XCRemoteSwiftPackageReference section */

/* Begin XCSwiftPackageProductDependency section */
		D00DBBD12D38E0D600357168 /* FloatingPanel */ = {
			isa = XCSwiftPackageProductDependency;
			package = D00DBBD02D38E0D600357168 /* XCRemoteSwiftPackageReference "FloatingPanel" */;
			productName = FloatingPanel;
		};
/* End XCSwiftPackageProductDependency section */
	};
	rootObject = D03A19CC2D2CEB2F00E1468E /* Project object */;
}
